// !$*UTF8*$!
{
	archiveVersion = 1;
	classes = {
	};
	objectVersion = 50;
	objects = {

/* Begin PBXBuildFile section */
		83B84C07233E9EAB00798E14 /* AppDelegate.swift in Sources */ = {isa = PBXBuildFile; fileRef = 83B84C06233E9EAB00798E14 /* AppDelegate.swift */; };
		83B84C09233E9EAB00798E14 /* SceneDelegate.swift in Sources */ = {isa = PBXBuildFile; fileRef = 83B84C08233E9EAB00798E14 /* SceneDelegate.swift */; };
		83B84C0B233E9EAB00798E14 /* ViewController.swift in Sources */ = {isa = PBXBuildFile; fileRef = 83B84C0A233E9EAB00798E14 /* ViewController.swift */; };
		83B84C0E233E9EAB00798E14 /* Main.storyboard in Resources */ = {isa = PBXBuildFile; fileRef = 83B84C0C233E9EAB00798E14 /* Main.storyboard */; };
		83B84C11233E9EAB00798E14 /* trackproj.xcdatamodeld in Sources */ = {isa = PBXBuildFile; fileRef = 83B84C0F233E9EAB00798E14 /* trackproj.xcdatamodeld */; };
		83B84C13233E9EAC00798E14 /* Assets.xcassets in Resources */ = {isa = PBXBuildFile; fileRef = 83B84C12233E9EAC00798E14 /* Assets.xcassets */; };
		83B84C16233E9EAC00798E14 /* LaunchScreen.storyboard in Resources */ = {isa = PBXBuildFile; fileRef = 83B84C14233E9EAC00798E14 /* LaunchScreen.storyboard */; };
		83B84C21233E9EAC00798E14 /* trackprojTests.swift in Sources */ = {isa = PBXBuildFile; fileRef = 83B84C20233E9EAC00798E14 /* trackprojTests.swift */; };
/* End PBXBuildFile section */

/* Begin PBXContainerItemProxy section */
		83B84C1D233E9EAC00798E14 /* PBXContainerItemProxy */ = {
			isa = PBXContainerItemProxy;
			containerPortal = 83B84BFB233E9EAB00798E14 /* Project object */;
			proxyType = 1;
			remoteGlobalIDString = 83B84C02233E9EAB00798E14;
			remoteInfo = trackproj;
		};
/* End PBXContainerItemProxy section */

/* Begin PBXFileReference section */
		83B84C03233E9EAB00798E14 /* trackproj.app */ = {isa = PBXFileReference; explicitFileType = wrapper.application; includeInIndex = 0; path = trackproj.app; sourceTree = BUILT_PRODUCTS_DIR; };
		83B84C06233E9EAB00798E14 /* AppDelegate.swift */ = {isa = PBXFileReference; lastKnownFileType = sourcecode.swift; path = AppDelegate.swift; sourceTree = "<group>"; };
		83B84C08233E9EAB00798E14 /* SceneDelegate.swift */ = {isa = PBXFileReference; lastKnownFileType = sourcecode.swift; path = SceneDelegate.swift; sourceTree = "<group>"; };
		83B84C0A233E9EAB00798E14 /* ViewController.swift */ = {isa = PBXFileReference; lastKnownFileType = sourcecode.swift; path = ViewController.swift; sourceTree = "<group>"; };
		83B84C0D233E9EAB00798E14 /* Base */ = {isa = PBXFileReference; lastKnownFileType = file.storyboard; name = Base; path = Base.lproj/Main.storyboard; sourceTree = "<group>"; };
		83B84C10233E9EAB00798E14 /* trackproj.xcdatamodel */ = {isa = PBXFileReference; lastKnownFileType = wrapper.xcdatamodel; path = trackproj.xcdatamodel; sourceTree = "<group>"; };
		83B84C12233E9EAC00798E14 /* Assets.xcassets */ = {isa = PBXFileReference; lastKnownFileType = folder.assetcatalog; path = Assets.xcassets; sourceTree = "<group>"; };
		83B84C15233E9EAC00798E14 /* Base */ = {isa = PBXFileReference; lastKnownFileType = file.storyboard; name = Base; path = Base.lproj/LaunchScreen.storyboard; sourceTree = "<group>"; };
		83B84C17233E9EAC00798E14 /* Info.plist */ = {isa = PBXFileReference; lastKnownFileType = text.plist.xml; path = Info.plist; sourceTree = "<group>"; };
		83B84C1C233E9EAC00798E14 /* trackprojTests.xctest */ = {isa = PBXFileReference; explicitFileType = wrapper.cfbundle; includeInIndex = 0; path = trackprojTests.xctest; sourceTree = BUILT_PRODUCTS_DIR; };
		83B84C20233E9EAC00798E14 /* trackprojTests.swift */ = {isa = PBXFileReference; lastKnownFileType = sourcecode.swift; path = trackprojTests.swift; sourceTree = "<group>"; };
		83B84C22233E9EAC00798E14 /* Info.plist */ = {isa = PBXFileReference; lastKnownFileType = text.plist.xml; path = Info.plist; sourceTree = "<group>"; };
/* End PBXFileReference section */

/* Begin PBXFrameworksBuildPhase section */
		83B84C00233E9EAB00798E14 /* Frameworks */ = {
			isa = PBXFrameworksBuildPhase;
			buildActionMask = 2147483647;
			files = (
			);
			runOnlyForDeploymentPostprocessing = 0;
		};
		83B84C19233E9EAC00798E14 /* Frameworks */ = {
			isa = PBXFrameworksBuildPhase;
			buildActionMask = 2147483647;
			files = (
			);
			runOnlyForDeploymentPostprocessing = 0;
		};
/* End PBXFrameworksBuildPhase section */

/* Begin PBXGroup section */
		83B84BFA233E9EAB00798E14 = {
			isa = PBXGroup;
			children = (
				83B84C05233E9EAB00798E14 /* trackproj */,
				83B84C1F233E9EAC00798E14 /* trackprojTests */,
				83B84C04233E9EAB00798E14 /* Products */,
			);
			sourceTree = "<group>";
		};
		83B84C04233E9EAB00798E14 /* Products */ = {
			isa = PBXGroup;
			children = (
				83B84C03233E9EAB00798E14 /* trackproj.app */,
				83B84C1C233E9EAC00798E14 /* trackprojTests.xctest */,
			);
			name = Products;
			sourceTree = "<group>";
		};
		83B84C05233E9EAB00798E14 /* trackproj */ = {
			isa = PBXGroup;
			children = (
				83B84C06233E9EAB00798E14 /* AppDelegate.swift */,
				83B84C08233E9EAB00798E14 /* SceneDelegate.swift */,
				83B84C0A233E9EAB00798E14 /* ViewController.swift */,
				83B84C0C233E9EAB00798E14 /* Main.storyboard */,
				83B84C12233E9EAC00798E14 /* Assets.xcassets */,
				83B84C14233E9EAC00798E14 /* LaunchScreen.storyboard */,
				83B84C17233E9EAC00798E14 /* Info.plist */,
				83B84C0F233E9EAB00798E14 /* trackproj.xcdatamodeld */,
			);
			path = trackproj;
			sourceTree = "<group>";
		};
		83B84C1F233E9EAC00798E14 /* trackprojTests */ = {
			isa = PBXGroup;
			children = (
				83B84C20233E9EAC00798E14 /* trackprojTests.swift */,
				83B84C22233E9EAC00798E14 /* Info.plist */,
			);
			path = trackprojTests;
			sourceTree = "<group>";
		};
/* End PBXGroup section */

/* Begin PBXNativeTarget section */
		83B84C02233E9EAB00798E14 /* trackproj */ = {
			isa = PBXNativeTarget;
			buildConfigurationList = 83B84C25233E9EAC00798E14 /* Build configuration list for PBXNativeTarget "trackproj" */;
			buildPhases = (
				83B84BFF233E9EAB00798E14 /* Sources */,
				83B84C00233E9EAB00798E14 /* Frameworks */,
				83B84C01233E9EAB00798E14 /* Resources */,
			);
			buildRules = (
			);
			dependencies = (
			);
			name = trackproj;
			productName = trackproj;
			productReference = 83B84C03233E9EAB00798E14 /* trackproj.app */;
			productType = "com.apple.product-type.application";
		};
		83B84C1B233E9EAC00798E14 /* trackprojTests */ = {
			isa = PBXNativeTarget;
			buildConfigurationList = 83B84C28233E9EAC00798E14 /* Build configuration list for PBXNativeTarget "trackprojTests" */;
			buildPhases = (
				83B84C18233E9EAC00798E14 /* Sources */,
				83B84C19233E9EAC00798E14 /* Frameworks */,
				83B84C1A233E9EAC00798E14 /* Resources */,
			);
			buildRules = (
			);
			dependencies = (
				83B84C1E233E9EAC00798E14 /* PBXTargetDependency */,
			);
			name = trackprojTests;
			productName = trackprojTests;
			productReference = 83B84C1C233E9EAC00798E14 /* trackprojTests.xctest */;
			productType = "com.apple.product-type.bundle.unit-test";
		};
/* End PBXNativeTarget section */

/* Begin PBXProject section */
		83B84BFB233E9EAB00798E14 /* Project object */ = {
			isa = PBXProject;
			attributes = {
				LastSwiftUpdateCheck = 1100;
				LastUpgradeCheck = 1100;
				ORGANIZATIONNAME = levinda;
				TargetAttributes = {
					83B84C02233E9EAB00798E14 = {
						CreatedOnToolsVersion = 11.0;
					};
					83B84C1B233E9EAC00798E14 = {
						CreatedOnToolsVersion = 11.0;
						TestTargetID = 83B84C02233E9EAB00798E14;
					};
				};
			};
			buildConfigurationList = 83B84BFE233E9EAB00798E14 /* Build configuration list for PBXProject "trackproj" */;
			compatibilityVersion = "Xcode 9.3";
			developmentRegion = en;
			hasScannedForEncodings = 0;
			knownRegions = (
				en,
				Base,
			);
			mainGroup = 83B84BFA233E9EAB00798E14;
			productRefGroup = 83B84C04233E9EAB00798E14 /* Products */;
			projectDirPath = "";
			projectRoot = "";
			targets = (
				83B84C02233E9EAB00798E14 /* trackproj */,
				83B84C1B233E9EAC00798E14 /* trackprojTests */,
			);
		};
/* End PBXProject section */

/* Begin PBXResourcesBuildPhase section */
		83B84C01233E9EAB00798E14 /* Resources */ = {
			isa = PBXResourcesBuildPhase;
			buildActionMask = 2147483647;
			files = (
				83B84C16233E9EAC00798E14 /* LaunchScreen.storyboard in Resources */,
				83B84C13233E9EAC00798E14 /* Assets.xcassets in Resources */,
				83B84C0E233E9EAB00798E14 /* Main.storyboard in Resources */,
			);
			runOnlyForDeploymentPostprocessing = 0;
		};
		83B84C1A233E9EAC00798E14 /* Resources */ = {
			isa = PBXResourcesBuildPhase;
			buildActionMask = 2147483647;
			files = (
			);
			runOnlyForDeploymentPostprocessing = 0;
		};
/* End PBXResourcesBuildPhase section */

/* Begin PBXSourcesBuildPhase section */
		83B84BFF233E9EAB00798E14 /* Sources */ = {
			isa = PBXSourcesBuildPhase;
			buildActionMask = 2147483647;
			files = (
				83B84C0B233E9EAB00798E14 /* ViewController.swift in Sources */,
				83B84C07233E9EAB00798E14 /* AppDelegate.swift in Sources */,
				83B84C11233E9EAB00798E14 /* trackproj.xcdatamodeld in Sources */,
				83B84C09233E9EAB00798E14 /* SceneDelegate.swift in Sources */,
			);
			runOnlyForDeploymentPostprocessing = 0;
		};
		83B84C18233E9EAC00798E14 /* Sources */ = {
			isa = PBXSourcesBuildPhase;
			buildActionMask = 2147483647;
			files = (
				83B84C21233E9EAC00798E14 /* trackprojTests.swift in Sources */,
			);
			runOnlyForDeploymentPostprocessing = 0;
		};
/* End PBXSourcesBuildPhase section */

/* Begin PBXTargetDependency section */
		83B84C1E233E9EAC00798E14 /* PBXTargetDependency */ = {
			isa = PBXTargetDependency;
			target = 83B84C02233E9EAB00798E14 /* trackproj */;
			targetProxy = 83B84C1D233E9EAC00798E14 /* PBXContainerItemProxy */;
		};
/* End PBXTargetDependency section */

/* Begin PBXVariantGroup section */
		83B84C0C233E9EAB00798E14 /* Main.storyboard */ = {
			isa = PBXVariantGroup;
			children = (
				83B84C0D233E9EAB00798E14 /* Base */,
			);
			name = Main.storyboard;
			sourceTree = "<group>";
		};
		83B84C14233E9EAC00798E14 /* LaunchScreen.storyboard */ = {
			isa = PBXVariantGroup;
			children = (
				83B84C15233E9EAC00798E14 /* Base */,
			);
			name = LaunchScreen.storyboard;
			sourceTree = "<group>";
		};
/* End PBXVariantGroup section */

/* Begin XCBuildConfiguration section */
		83B84C23233E9EAC00798E14 /* Debug */ = {
			isa = XCBuildConfiguration;
			buildSettings = {
				ALWAYS_SEARCH_USER_PATHS = NO;
				CLANG_ANALYZER_NONNULL = YES;
				CLANG_ANALYZER_NUMBER_OBJECT_CONVERSION = YES_AGGRESSIVE;
				CLANG_CXX_LANGUAGE_STANDARD = "gnu++14";
				CLANG_CXX_LIBRARY = "libc++";
				CLANG_ENABLE_MODULES = YES;
				CLANG_ENABLE_OBJC_ARC = YES;
				CLANG_ENABLE_OBJC_WEAK = YES;
				CLANG_WARN_BLOCK_CAPTURE_AUTORELEASING = YES;
				CLANG_WARN_BOOL_CONVERSION = YES;
				CLANG_WARN_COMMA = YES;
				CLANG_WARN_CONSTANT_CONVERSION = YES;
				CLANG_WARN_DEPRECATED_OBJC_IMPLEMENTATIONS = YES;
				CLANG_WARN_DIRECT_OBJC_ISA_USAGE = YES_ERROR;
				CLANG_WARN_DOCUMENTATION_COMMENTS = YES;
				CLANG_WARN_EMPTY_BODY = YES;
				CLANG_WARN_ENUM_CONVERSION = YES;
				CLANG_WARN_INFINITE_RECURSION = YES;
				CLANG_WARN_INT_CONVERSION = YES;
				CLANG_WARN_NON_LITERAL_NULL_CONVERSION = YES;
				CLANG_WARN_OBJC_IMPLICIT_RETAIN_SELF = YES;
				CLANG_WARN_OBJC_LITERAL_CONVERSION = YES;
				CLANG_WARN_OBJC_ROOT_CLASS = YES_ERROR;
				CLANG_WARN_RANGE_LOOP_ANALYSIS = YES;
				CLANG_WARN_STRICT_PROTOTYPES = YES;
				CLANG_WARN_SUSPICIOUS_MOVE = YES;
				CLANG_WARN_UNGUARDED_AVAILABILITY = YES_AGGRESSIVE;
				CLANG_WARN_UNREACHABLE_CODE = YES;
				CLANG_WARN__DUPLICATE_METHOD_MATCH = YES;
				COPY_PHASE_STRIP = NO;
				DEBUG_INFORMATION_FORMAT = dwarf;
				ENABLE_STRICT_OBJC_MSGSEND = YES;
				ENABLE_TESTABILITY = YES;
				GCC_C_LANGUAGE_STANDARD = gnu11;
				GCC_DYNAMIC_NO_PIC = NO;
				GCC_NO_COMMON_BLOCKS = YES;
				GCC_OPTIMIZATION_LEVEL = 0;
				GCC_PREPROCESSOR_DEFINITIONS = (
					"DEBUG=1",
					"$(inherited)",
				);
				GCC_WARN_64_TO_32_BIT_CONVERSION = YES;
				GCC_WARN_ABOUT_RETURN_TYPE = YES_ERROR;
				GCC_WARN_UNDECLARED_SELECTOR = YES;
				GCC_WARN_UNINITIALIZED_AUTOS = YES_AGGRESSIVE;
				GCC_WARN_UNUSED_FUNCTION = YES;
				GCC_WARN_UNUSED_VARIABLE = YES;
				IPHONEOS_DEPLOYMENT_TARGET = 13.0;
				MTL_ENABLE_DEBUG_INFO = INCLUDE_SOURCE;
				MTL_FAST_MATH = YES;
				ONLY_ACTIVE_ARCH = YES;
				SDKROOT = iphoneos;
				SWIFT_ACTIVE_COMPILATION_CONDITIONS = DEBUG;
				SWIFT_OPTIMIZATION_LEVEL = "-Onone";
			};
			name = Debug;
		};
		83B84C24233E9EAC00798E14 /* Release */ = {
			isa = XCBuildConfiguration;
			buildSettings = {
				ALWAYS_SEARCH_USER_PATHS = NO;
				CLANG_ANALYZER_NONNULL = YES;
				CLANG_ANALYZER_NUMBER_OBJECT_CONVERSION = YES_AGGRESSIVE;
				CLANG_CXX_LANGUAGE_STANDARD = "gnu++14";
				CLANG_CXX_LIBRARY = "libc++";
				CLANG_ENABLE_MODULES = YES;
				CLANG_ENABLE_OBJC_ARC = YES;
				CLANG_ENABLE_OBJC_WEAK = YES;
				CLANG_WARN_BLOCK_CAPTURE_AUTORELEASING = YES;
				CLANG_WARN_BOOL_CONVERSION = YES;
				CLANG_WARN_COMMA = YES;
				CLANG_WARN_CONSTANT_CONVERSION = YES;
				CLANG_WARN_DEPRECATED_OBJC_IMPLEMENTATIONS = YES;
				CLANG_WARN_DIRECT_OBJC_ISA_USAGE = YES_ERROR;
				CLANG_WARN_DOCUMENTATION_COMMENTS = YES;
				CLANG_WARN_EMPTY_BODY = YES;
				CLANG_WARN_ENUM_CONVERSION = YES;
				CLANG_WARN_INFINITE_RECURSION = YES;
				CLANG_WARN_INT_CONVERSION = YES;
				CLANG_WARN_NON_LITERAL_NULL_CONVERSION = YES;
				CLANG_WARN_OBJC_IMPLICIT_RETAIN_SELF = YES;
				CLANG_WARN_OBJC_LITERAL_CONVERSION = YES;
				CLANG_WARN_OBJC_ROOT_CLASS = YES_ERROR;
				CLANG_WARN_RANGE_LOOP_ANALYSIS = YES;
				CLANG_WARN_STRICT_PROTOTYPES = YES;
				CLANG_WARN_SUSPICIOUS_MOVE = YES;
				CLANG_WARN_UNGUARDED_AVAILABILITY = YES_AGGRESSIVE;
				CLANG_WARN_UNREACHABLE_CODE = YES;
				CLANG_WARN__DUPLICATE_METHOD_MATCH = YES;
				COPY_PHASE_STRIP = NO;
				DEBUG_INFORMATION_FORMAT = "dwarf-with-dsym";
				ENABLE_NS_ASSERTIONS = NO;
				ENABLE_STRICT_OBJC_MSGSEND = YES;
				GCC_C_LANGUAGE_STANDARD = gnu11;
				GCC_NO_COMMON_BLOCKS = YES;
				GCC_WARN_64_TO_32_BIT_CONVERSION = YES;
				GCC_WARN_ABOUT_RETURN_TYPE = YES_ERROR;
				GCC_WARN_UNDECLARED_SELECTOR = YES;
				GCC_WARN_UNINITIALIZED_AUTOS = YES_AGGRESSIVE;
				GCC_WARN_UNUSED_FUNCTION = YES;
				GCC_WARN_UNUSED_VARIABLE = YES;
				IPHONEOS_DEPLOYMENT_TARGET = 13.0;
				MTL_ENABLE_DEBUG_INFO = NO;
				MTL_FAST_MATH = YES;
				SDKROOT = iphoneos;
				SWIFT_COMPILATION_MODE = wholemodule;
				SWIFT_OPTIMIZATION_LEVEL = "-O";
				VALIDATE_PRODUCT = YES;
			};
			name = Release;
		};
		83B84C26233E9EAC00798E14 /* Debug */ = {
			isa = XCBuildConfiguration;
			buildSettings = {
				ASSETCATALOG_COMPILER_APPICON_NAME = AppIcon;
				CODE_SIGN_STYLE = Automatic;
				DEVELOPMENT_TEAM = 456GGU5J4Z;
				INFOPLIST_FILE = trackproj/Info.plist;
				LD_RUNPATH_SEARCH_PATHS = (
					"$(inherited)",
					"@executable_path/Frameworks",
				);
				PRODUCT_BUNDLE_IDENTIFIER = com.levinda.trackproj;
				PRODUCT_NAME = "$(TARGET_NAME)";
				SWIFT_VERSION = 5.0;
				TARGETED_DEVICE_FAMILY = "1,2";
			};
			name = Debug;
		};
		83B84C27233E9EAC00798E14 /* Release */ = {
			isa = XCBuildConfiguration;
			buildSettings = {
				ASSETCATALOG_COMPILER_APPICON_NAME = AppIcon;
				CODE_SIGN_STYLE = Automatic;
				DEVELOPMENT_TEAM = 456GGU5J4Z;
				INFOPLIST_FILE = trackproj/Info.plist;
				LD_RUNPATH_SEARCH_PATHS = (
					"$(inherited)",
					"@executable_path/Frameworks",
				);
				PRODUCT_BUNDLE_IDENTIFIER = com.levinda.trackproj;
				PRODUCT_NAME = "$(TARGET_NAME)";
				SWIFT_VERSION = 5.0;
				TARGETED_DEVICE_FAMILY = "1,2";
			};
			name = Release;
		};
		83B84C29233E9EAC00798E14 /* Debug */ = {
			isa = XCBuildConfiguration;
			buildSettings = {
				ALWAYS_EMBED_SWIFT_STANDARD_LIBRARIES = YES;
				BUNDLE_LOADER = "$(TEST_HOST)";
				CODE_SIGN_STYLE = Automatic;
				DEVELOPMENT_TEAM = 456GGU5J4Z;
				INFOPLIST_FILE = trackprojTests/Info.plist;
				IPHONEOS_DEPLOYMENT_TARGET = 13.0;
				LD_RUNPATH_SEARCH_PATHS = (
					"$(inherited)",
					"@executable_path/Frameworks",
					"@loader_path/Frameworks",
				);
				PRODUCT_BUNDLE_IDENTIFIER = com.levinda.trackprojTests;
				PRODUCT_NAME = "$(TARGET_NAME)";
				SWIFT_VERSION = 5.0;
				TARGETED_DEVICE_FAMILY = "1,2";
				TEST_HOST = "$(BUILT_PRODUCTS_DIR)/trackproj.app/trackproj";
			};
			name = Debug;
		};
		83B84C2A233E9EAC00798E14 /* Release */ = {
			isa = XCBuildConfiguration;
			buildSettings = {
				ALWAYS_EMBED_SWIFT_STANDARD_LIBRARIES = YES;
				BUNDLE_LOADER = "$(TEST_HOST)";
				CODE_SIGN_STYLE = Automatic;
				DEVELOPMENT_TEAM = 456GGU5J4Z;
				INFOPLIST_FILE = trackprojTests/Info.plist;
				IPHONEOS_DEPLOYMENT_TARGET = 13.0;
				LD_RUNPATH_SEARCH_PATHS = (
					"$(inherited)",
					"@executable_path/Frameworks",
					"@loader_path/Frameworks",
				);
				PRODUCT_BUNDLE_IDENTIFIER = com.levinda.trackprojTests;
				PRODUCT_NAME = "$(TARGET_NAME)";
				SWIFT_VERSION = 5.0;
				TARGETED_DEVICE_FAMILY = "1,2";
				TEST_HOST = "$(BUILT_PRODUCTS_DIR)/trackproj.app/trackproj";
			};
			name = Release;
		};
/* End XCBuildConfiguration section */

/* Begin XCConfigurationList section */
		83B84BFE233E9EAB00798E14 /* Build configuration list for PBXProject "trackproj" */ = {
			isa = XCConfigurationList;
			buildConfigurations = (
				83B84C23233E9EAC00798E14 /* Debug */,
				83B84C24233E9EAC00798E14 /* Release */,
			);
			defaultConfigurationIsVisible = 0;
			defaultConfigurationName = Release;
		};
		83B84C25233E9EAC00798E14 /* Build configuration list for PBXNativeTarget "trackproj" */ = {
			isa = XCConfigurationList;
			buildConfigurations = (
				83B84C26233E9EAC00798E14 /* Debug */,
				83B84C27233E9EAC00798E14 /* Release */,
			);
			defaultConfigurationIsVisible = 0;
			defaultConfigurationName = Release;
		};
		83B84C28233E9EAC00798E14 /* Build configuration list for PBXNativeTarget "trackprojTests" */ = {
			isa = XCConfigurationList;
			buildConfigurations = (
				83B84C29233E9EAC00798E14 /* Debug */,
				83B84C2A233E9EAC00798E14 /* Release */,
			);
			defaultConfigurationIsVisible = 0;
			defaultConfigurationName = Release;
		};
/* End XCConfigurationList section */

/* Begin XCVersionGroup section */
		83B84C0F233E9EAB00798E14 /* trackproj.xcdatamodeld */ = {
			isa = XCVersionGroup;
			children = (
				83B84C10233E9EAB00798E14 /* trackproj.xcdatamodel */,
			);
			currentVersion = 83B84C10233E9EAB00798E14 /* trackproj.xcdatamodel */;
			path = trackproj.xcdatamodeld;
			sourceTree = "<group>";
			versionGroupType = wrapper.xcdatamodel;
		};
/* End XCVersionGroup section */
	};
	rootObject = 83B84BFB233E9EAB00798E14 /* Project object */;
}
