// !$*UTF8*$!
{
	archiveVersion = 1;
	classes = {
	};
	objectVersion = 50;
	objects = {

/* Begin PBXBuildFile section */
		8317EEA72350A8B500861359 /* IndependentPickerView.swift in Sources */ = {isa = PBXBuildFile; fileRef = 8317EEA62350A8B500861359 /* IndependentPickerView.swift */; };
		8317EEAB2351F6B500861359 /* roundedrect.png in Resources */ = {isa = PBXBuildFile; fileRef = 8317EEAA2351F6B500861359 /* roundedrect.png */; };
		833D24362366003800A3A4E3 /* Article.swift in Sources */ = {isa = PBXBuildFile; fileRef = 833D24352366003800A3A4E3 /* Article.swift */; };
		833D24382366020400A3A4E3 /* NewsDownloadDataTask.swift in Sources */ = {isa = PBXBuildFile; fileRef = 833D24372366020400A3A4E3 /* NewsDownloadDataTask.swift */; };
		833DC70123645F2A008C7B9E /* Category.swift in Sources */ = {isa = PBXBuildFile; fileRef = 833DC70023645F2A008C7B9E /* Category.swift */; };
		8343729D23708B1300013C9F /* NetworkManager.swift in Sources */ = {isa = PBXBuildFile; fileRef = 8343729C23708B1300013C9F /* NetworkManager.swift */; };
		8352411923590D7500BBD996 /* CustomRectButton.swift in Sources */ = {isa = PBXBuildFile; fileRef = 8352411823590D7500BBD996 /* CustomRectButton.swift */; };
		8352411B2359172A00BBD996 /* ProfileViewController.swift in Sources */ = {isa = PBXBuildFile; fileRef = 8352411A2359172A00BBD996 /* ProfileViewController.swift */; };
		8386621F234E39530055ACC7 /* CustomBarView.swift in Sources */ = {isa = PBXBuildFile; fileRef = 8386621E234E39530055ACC7 /* CustomBarView.swift */; };
		839E36CF234D3E6A0078CD08 /* DetailedStoryViewController.swift in Sources */ = {isa = PBXBuildFile; fileRef = 839E36CE234D3E6A0078CD08 /* DetailedStoryViewController.swift */; };
		83B51CAD234F8579002B0B49 /* DownArrow.png in Resources */ = {isa = PBXBuildFile; fileRef = 83B51CAC234F8578002B0B49 /* DownArrow.png */; };
		83B77C73235C22DC00553D10 /* Profile.swift in Sources */ = {isa = PBXBuildFile; fileRef = 83B77C72235C22DC00553D10 /* Profile.swift */; };
		83B77C75235C34A100553D10 /* blackProfileIcon.png in Resources */ = {isa = PBXBuildFile; fileRef = 83B77C74235C34A100553D10 /* blackProfileIcon.png */; };
		83B77C77235C47B000553D10 /* saveProfiieToDefaultsOperation.swift in Sources */ = {isa = PBXBuildFile; fileRef = 83B77C76235C47B000553D10 /* saveProfiieToDefaultsOperation.swift */; };
		83B77C7A235CA88B00553D10 /* saveNewsToUSerDefaultsOPeration.swift in Sources */ = {isa = PBXBuildFile; fileRef = 83B77C79235CA88B00553D10 /* saveNewsToUSerDefaultsOPeration.swift */; };
		83B77C7C235CA8C300553D10 /* BasicUserDefaultsOperation.swift in Sources */ = {isa = PBXBuildFile; fileRef = 83B77C7B235CA8C300553D10 /* BasicUserDefaultsOperation.swift */; };
		83B77C81235CDCFD00553D10 /* CategoryTableViewCell.swift in Sources */ = {isa = PBXBuildFile; fileRef = 83B77C7F235CDCFD00553D10 /* CategoryTableViewCell.swift */; };
		83B77C82235CDCFD00553D10 /* CategoryTableViewCell.xib in Resources */ = {isa = PBXBuildFile; fileRef = 83B77C80235CDCFD00553D10 /* CategoryTableViewCell.xib */; };
		83B77C84235CDD7C00553D10 /* checkmark.png in Resources */ = {isa = PBXBuildFile; fileRef = 83B77C83235CDD7C00553D10 /* checkmark.png */; };
		83B77C86235CDEDA00553D10 /* CategorySelectionView.swift in Sources */ = {isa = PBXBuildFile; fileRef = 83B77C85235CDEDA00553D10 /* CategorySelectionView.swift */; };
		83B84C07233E9EAB00798E14 /* AppDelegate.swift in Sources */ = {isa = PBXBuildFile; fileRef = 83B84C06233E9EAB00798E14 /* AppDelegate.swift */; };
		83B84C0B233E9EAB00798E14 /* NewsViewController.swift in Sources */ = {isa = PBXBuildFile; fileRef = 83B84C0A233E9EAB00798E14 /* NewsViewController.swift */; };
		83B84C0E233E9EAB00798E14 /* Main.storyboard in Resources */ = {isa = PBXBuildFile; fileRef = 83B84C0C233E9EAB00798E14 /* Main.storyboard */; };
		83B84C11233E9EAB00798E14 /* trackproj.xcdatamodeld in Sources */ = {isa = PBXBuildFile; fileRef = 83B84C0F233E9EAB00798E14 /* trackproj.xcdatamodeld */; };
		83B84C13233E9EAC00798E14 /* Assets.xcassets in Resources */ = {isa = PBXBuildFile; fileRef = 83B84C12233E9EAC00798E14 /* Assets.xcassets */; };
		83B84C16233E9EAC00798E14 /* LaunchScreen.storyboard in Resources */ = {isa = PBXBuildFile; fileRef = 83B84C14233E9EAC00798E14 /* LaunchScreen.storyboard */; };
		83B84C21233E9EAC00798E14 /* trackprojTests.swift in Sources */ = {isa = PBXBuildFile; fileRef = 83B84C20233E9EAC00798E14 /* trackprojTests.swift */; };
		83B84C2E233F33B100798E14 /* LoggingViewController.swift in Sources */ = {isa = PBXBuildFile; fileRef = 83B84C2D233F33B100798E14 /* LoggingViewController.swift */; };
		83C235FC234BDF1100DAB954 /* NewsTableViewCell.swift in Sources */ = {isa = PBXBuildFile; fileRef = 83C235FB234BDF1100DAB954 /* NewsTableViewCell.swift */; };
		83CF7EC92350A36800D8E362 /* lines2.png in Resources */ = {isa = PBXBuildFile; fileRef = 83CF7EC82350A36800D8E362 /* lines2.png */; };
/* End PBXBuildFile section */

/* Begin PBXContainerItemProxy section */
		83B84C1D233E9EAC00798E14 /* PBXContainerItemProxy */ = {
			isa = PBXContainerItemProxy;
			containerPortal = 83B84BFB233E9EAB00798E14 /* Project object */;
			proxyType = 1;
			remoteGlobalIDString = 83B84C02233E9EAB00798E14;
			remoteInfo = trackproj;
		};
/* End PBXContainerItemProxy section */

/* Begin PBXFileReference section */
		8317EEA62350A8B500861359 /* IndependentPickerView.swift */ = {isa = PBXFileReference; lastKnownFileType = sourcecode.swift; path = IndependentPickerView.swift; sourceTree = "<group>"; };
		8317EEAA2351F6B500861359 /* roundedrect.png */ = {isa = PBXFileReference; lastKnownFileType = image.png; path = roundedrect.png; sourceTree = "<group>"; };
		833D24352366003800A3A4E3 /* Article.swift */ = {isa = PBXFileReference; lastKnownFileType = sourcecode.swift; path = Article.swift; sourceTree = "<group>"; };
		833D24372366020400A3A4E3 /* NewsDownloadDataTask.swift */ = {isa = PBXFileReference; lastKnownFileType = sourcecode.swift; path = NewsDownloadDataTask.swift; sourceTree = "<group>"; };
		833DC70023645F2A008C7B9E /* Category.swift */ = {isa = PBXFileReference; lastKnownFileType = sourcecode.swift; path = Category.swift; sourceTree = "<group>"; };
		8343729C23708B1300013C9F /* NetworkManager.swift */ = {isa = PBXFileReference; lastKnownFileType = sourcecode.swift; path = NetworkManager.swift; sourceTree = "<group>"; };
		8352411823590D7500BBD996 /* CustomRectButton.swift */ = {isa = PBXFileReference; lastKnownFileType = sourcecode.swift; path = CustomRectButton.swift; sourceTree = "<group>"; };
		8352411A2359172A00BBD996 /* ProfileViewController.swift */ = {isa = PBXFileReference; lastKnownFileType = sourcecode.swift; path = ProfileViewController.swift; sourceTree = "<group>"; };
		8386621E234E39530055ACC7 /* CustomBarView.swift */ = {isa = PBXFileReference; lastKnownFileType = sourcecode.swift; path = CustomBarView.swift; sourceTree = "<group>"; };
		839E36CE234D3E6A0078CD08 /* DetailedStoryViewController.swift */ = {isa = PBXFileReference; lastKnownFileType = sourcecode.swift; path = DetailedStoryViewController.swift; sourceTree = "<group>"; };
		83B51CAC234F8578002B0B49 /* DownArrow.png */ = {isa = PBXFileReference; lastKnownFileType = image.png; path = DownArrow.png; sourceTree = "<group>"; };
		83B77C72235C22DC00553D10 /* Profile.swift */ = {isa = PBXFileReference; lastKnownFileType = sourcecode.swift; path = Profile.swift; sourceTree = "<group>"; };
		83B77C74235C34A100553D10 /* blackProfileIcon.png */ = {isa = PBXFileReference; lastKnownFileType = image.png; path = blackProfileIcon.png; sourceTree = "<group>"; };
		83B77C76235C47B000553D10 /* saveProfiieToDefaultsOperation.swift */ = {isa = PBXFileReference; lastKnownFileType = sourcecode.swift; path = saveProfiieToDefaultsOperation.swift; sourceTree = "<group>"; };
		83B77C79235CA88B00553D10 /* saveNewsToUSerDefaultsOPeration.swift */ = {isa = PBXFileReference; lastKnownFileType = sourcecode.swift; path = saveNewsToUSerDefaultsOPeration.swift; sourceTree = "<group>"; };
		83B77C7B235CA8C300553D10 /* BasicUserDefaultsOperation.swift */ = {isa = PBXFileReference; lastKnownFileType = sourcecode.swift; path = BasicUserDefaultsOperation.swift; sourceTree = "<group>"; };
		83B77C7F235CDCFD00553D10 /* CategoryTableViewCell.swift */ = {isa = PBXFileReference; lastKnownFileType = sourcecode.swift; path = CategoryTableViewCell.swift; sourceTree = "<group>"; };
		83B77C80235CDCFD00553D10 /* CategoryTableViewCell.xib */ = {isa = PBXFileReference; lastKnownFileType = file.xib; path = CategoryTableViewCell.xib; sourceTree = "<group>"; };
		83B77C83235CDD7C00553D10 /* checkmark.png */ = {isa = PBXFileReference; lastKnownFileType = image.png; path = checkmark.png; sourceTree = "<group>"; };
		83B77C85235CDEDA00553D10 /* CategorySelectionView.swift */ = {isa = PBXFileReference; lastKnownFileType = sourcecode.swift; path = CategorySelectionView.swift; sourceTree = "<group>"; };
		83B84C03233E9EAB00798E14 /* trackproj.app */ = {isa = PBXFileReference; explicitFileType = wrapper.application; includeInIndex = 0; path = trackproj.app; sourceTree = BUILT_PRODUCTS_DIR; };
		83B84C06233E9EAB00798E14 /* AppDelegate.swift */ = {isa = PBXFileReference; lastKnownFileType = sourcecode.swift; path = AppDelegate.swift; sourceTree = "<group>"; };
		83B84C0A233E9EAB00798E14 /* NewsViewController.swift */ = {isa = PBXFileReference; lastKnownFileType = sourcecode.swift; path = NewsViewController.swift; sourceTree = "<group>"; };
		83B84C0D233E9EAB00798E14 /* Base */ = {isa = PBXFileReference; lastKnownFileType = file.storyboard; name = Base; path = Base.lproj/Main.storyboard; sourceTree = "<group>"; };
		83B84C10233E9EAB00798E14 /* trackproj.xcdatamodel */ = {isa = PBXFileReference; lastKnownFileType = wrapper.xcdatamodel; path = trackproj.xcdatamodel; sourceTree = "<group>"; };
		83B84C12233E9EAC00798E14 /* Assets.xcassets */ = {isa = PBXFileReference; lastKnownFileType = folder.assetcatalog; path = Assets.xcassets; sourceTree = "<group>"; };
		83B84C15233E9EAC00798E14 /* Base */ = {isa = PBXFileReference; lastKnownFileType = file.storyboard; name = Base; path = Base.lproj/LaunchScreen.storyboard; sourceTree = "<group>"; };
		83B84C17233E9EAC00798E14 /* Info.plist */ = {isa = PBXFileReference; lastKnownFileType = text.plist.xml; path = Info.plist; sourceTree = "<group>"; };
		83B84C1C233E9EAC00798E14 /* trackprojTests.xctest */ = {isa = PBXFileReference; explicitFileType = wrapper.cfbundle; includeInIndex = 0; path = trackprojTests.xctest; sourceTree = BUILT_PRODUCTS_DIR; };
		83B84C20233E9EAC00798E14 /* trackprojTests.swift */ = {isa = PBXFileReference; lastKnownFileType = sourcecode.swift; path = trackprojTests.swift; sourceTree = "<group>"; };
		83B84C22233E9EAC00798E14 /* Info.plist */ = {isa = PBXFileReference; lastKnownFileType = text.plist.xml; path = Info.plist; sourceTree = "<group>"; };
		83B84C2D233F33B100798E14 /* LoggingViewController.swift */ = {isa = PBXFileReference; lastKnownFileType = sourcecode.swift; path = LoggingViewController.swift; sourceTree = "<group>"; };
		83C235FB234BDF1100DAB954 /* NewsTableViewCell.swift */ = {isa = PBXFileReference; lastKnownFileType = sourcecode.swift; path = NewsTableViewCell.swift; sourceTree = "<group>"; };
		83CF7EC82350A36800D8E362 /* lines2.png */ = {isa = PBXFileReference; lastKnownFileType = image.png; path = lines2.png; sourceTree = "<group>"; };
/* End PBXFileReference section */

/* Begin PBXFrameworksBuildPhase section */
		83B84C00233E9EAB00798E14 /* Frameworks */ = {
			isa = PBXFrameworksBuildPhase;
			buildActionMask = 2147483647;
			files = (
			);
			runOnlyForDeploymentPostprocessing = 0;
		};
		83B84C19233E9EAC00798E14 /* Frameworks */ = {
			isa = PBXFrameworksBuildPhase;
			buildActionMask = 2147483647;
			files = (
			);
			runOnlyForDeploymentPostprocessing = 0;
		};
/* End PBXFrameworksBuildPhase section */

/* Begin PBXGroup section */
		833D24342365FBA600A3A4E3 /* WebServices */ = {
			isa = PBXGroup;
			children = (
				833D24352366003800A3A4E3 /* Article.swift */,
				833D24372366020400A3A4E3 /* NewsDownloadDataTask.swift */,
			);
			path = WebServices;
			sourceTree = "<group>";
		};
		833DC70323645F68008C7B9E /* Model */ = {
			isa = PBXGroup;
			children = (
				83B77C72235C22DC00553D10 /* Profile.swift */,
				833DC70023645F2A008C7B9E /* Category.swift */,
			);
			path = Model;
			sourceTree = "<group>";
		};
		833DC70423646013008C7B9E /* ProfileEditor */ = {
			isa = PBXGroup;
			children = (
				8352411A2359172A00BBD996 /* ProfileViewController.swift */,
				83B77C85235CDEDA00553D10 /* CategorySelectionView.swift */,
				83B77C7F235CDCFD00553D10 /* CategoryTableViewCell.swift */,
				83B77C80235CDCFD00553D10 /* CategoryTableViewCell.xib */,
			);
			path = ProfileEditor;
			sourceTree = "<group>";
		};
		833DC70523646045008C7B9E /* Utility */ = {
			isa = PBXGroup;
			children = (
				83B84C06233E9EAB00798E14 /* AppDelegate.swift */,
				83B84C2D233F33B100798E14 /* LoggingViewController.swift */,
			);
			path = Utility;
			sourceTree = "<group>";
		};
		83534E90234CCA7200584BC1 /* Images */ = {
			isa = PBXGroup;
			children = (
				83B77C83235CDD7C00553D10 /* checkmark.png */,
				83B77C74235C34A100553D10 /* blackProfileIcon.png */,
				8317EEAA2351F6B500861359 /* roundedrect.png */,
				83B51CAC234F8578002B0B49 /* DownArrow.png */,
				83CF7EC82350A36800D8E362 /* lines2.png */,
			);
			path = Images;
			sourceTree = "<group>";
		};
		83B77C78235C47B700553D10 /* Operations */ = {
			isa = PBXGroup;
			children = (
				83B77C7B235CA8C300553D10 /* BasicUserDefaultsOperation.swift */,
				83B77C76235C47B000553D10 /* saveProfiieToDefaultsOperation.swift */,
				83B77C79235CA88B00553D10 /* saveNewsToUSerDefaultsOPeration.swift */,
			);
			path = Operations;
			sourceTree = "<group>";
		};
		83B84BFA233E9EAB00798E14 = {
			isa = PBXGroup;
			children = (
				83B84C05233E9EAB00798E14 /* trackproj */,
				83B84C1F233E9EAC00798E14 /* trackprojTests */,
				83B84C04233E9EAB00798E14 /* Products */,
			);
			sourceTree = "<group>";
		};
		83B84C04233E9EAB00798E14 /* Products */ = {
			isa = PBXGroup;
			children = (
				83B84C03233E9EAB00798E14 /* trackproj.app */,
				83B84C1C233E9EAC00798E14 /* trackprojTests.xctest */,
			);
			name = Products;
			sourceTree = "<group>";
		};
		83B84C05233E9EAB00798E14 /* trackproj */ = {
			isa = PBXGroup;
			children = (
				833D24342365FBA600A3A4E3 /* WebServices */,
				833DC70523646045008C7B9E /* Utility */,
				833DC70423646013008C7B9E /* ProfileEditor */,
				83B84C0A233E9EAB00798E14 /* NewsViewController.swift */,
				83C235FB234BDF1100DAB954 /* NewsTableViewCell.swift */,
				839E36CE234D3E6A0078CD08 /* DetailedStoryViewController.swift */,
				8317EEA62350A8B500861359 /* IndependentPickerView.swift */,
				8386621E234E39530055ACC7 /* CustomBarView.swift */,
				8352411823590D7500BBD996 /* CustomRectButton.swift */,
				83B77C78235C47B700553D10 /* Operations */,
				833DC70323645F68008C7B9E /* Model */,
				83B84C12233E9EAC00798E14 /* Assets.xcassets */,
				83B84C0C233E9EAB00798E14 /* Main.storyboard */,
				8343729C23708B1300013C9F /* NetworkManager.swift */,
				83B84C14233E9EAC00798E14 /* LaunchScreen.storyboard */,
				83B84C17233E9EAC00798E14 /* Info.plist */,
				83B84C0F233E9EAB00798E14 /* trackproj.xcdatamodeld */,
				83534E90234CCA7200584BC1 /* Images */,
			);
			path = trackproj;
			sourceTree = "<group>";
		};
		83B84C1F233E9EAC00798E14 /* trackprojTests */ = {
			isa = PBXGroup;
			children = (
				83B84C20233E9EAC00798E14 /* trackprojTests.swift */,
				83B84C22233E9EAC00798E14 /* Info.plist */,
			);
			path = trackprojTests;
			sourceTree = "<group>";
		};
/* End PBXGroup section */

/* Begin PBXNativeTarget section */
		83B84C02233E9EAB00798E14 /* trackproj */ = {
			isa = PBXNativeTarget;
			buildConfigurationList = 83B84C25233E9EAC00798E14 /* Build configuration list for PBXNativeTarget "trackproj" */;
			buildPhases = (
				83B84BFF233E9EAB00798E14 /* Sources */,
				83B84C00233E9EAB00798E14 /* Frameworks */,
				83B84C01233E9EAB00798E14 /* Resources */,
			);
			buildRules = (
			);
			dependencies = (
			);
			name = trackproj;
			productName = trackproj;
			productReference = 83B84C03233E9EAB00798E14 /* trackproj.app */;
			productType = "com.apple.product-type.application";
		};
		83B84C1B233E9EAC00798E14 /* trackprojTests */ = {
			isa = PBXNativeTarget;
			buildConfigurationList = 83B84C28233E9EAC00798E14 /* Build configuration list for PBXNativeTarget "trackprojTests" */;
			buildPhases = (
				83B84C18233E9EAC00798E14 /* Sources */,
				83B84C19233E9EAC00798E14 /* Frameworks */,
				83B84C1A233E9EAC00798E14 /* Resources */,
			);
			buildRules = (
			);
			dependencies = (
				83B84C1E233E9EAC00798E14 /* PBXTargetDependency */,
			);
			name = trackprojTests;
			productName = trackprojTests;
			productReference = 83B84C1C233E9EAC00798E14 /* trackprojTests.xctest */;
			productType = "com.apple.product-type.bundle.unit-test";
		};
/* End PBXNativeTarget section */

/* Begin PBXProject section */
		83B84BFB233E9EAB00798E14 /* Project object */ = {
			isa = PBXProject;
			attributes = {
				LastSwiftUpdateCheck = 1100;
				LastUpgradeCheck = 1100;
				ORGANIZATIONNAME = levinda;
				TargetAttributes = {
					83B84C02233E9EAB00798E14 = {
						CreatedOnToolsVersion = 11.0;
					};
					83B84C1B233E9EAC00798E14 = {
						CreatedOnToolsVersion = 11.0;
						TestTargetID = 83B84C02233E9EAB00798E14;
					};
				};
			};
			buildConfigurationList = 83B84BFE233E9EAB00798E14 /* Build configuration list for PBXProject "trackproj" */;
			compatibilityVersion = "Xcode 9.3";
			developmentRegion = en;
			hasScannedForEncodings = 0;
			knownRegions = (
				en,
				Base,
			);
			mainGroup = 83B84BFA233E9EAB00798E14;
			productRefGroup = 83B84C04233E9EAB00798E14 /* Products */;
			projectDirPath = "";
			projectRoot = "";
			targets = (
				83B84C02233E9EAB00798E14 /* trackproj */,
				83B84C1B233E9EAC00798E14 /* trackprojTests */,
			);
		};
/* End PBXProject section */

/* Begin PBXResourcesBuildPhase section */
		83B84C01233E9EAB00798E14 /* Resources */ = {
			isa = PBXResourcesBuildPhase;
			buildActionMask = 2147483647;
			files = (
				83B77C82235CDCFD00553D10 /* CategoryTableViewCell.xib in Resources */,
				83B84C16233E9EAC00798E14 /* LaunchScreen.storyboard in Resources */,
				83B51CAD234F8579002B0B49 /* DownArrow.png in Resources */,
				83CF7EC92350A36800D8E362 /* lines2.png in Resources */,
				8317EEAB2351F6B500861359 /* roundedrect.png in Resources */,
				83B77C84235CDD7C00553D10 /* checkmark.png in Resources */,
				83B84C13233E9EAC00798E14 /* Assets.xcassets in Resources */,
				83B77C75235C34A100553D10 /* blackProfileIcon.png in Resources */,
				83B84C0E233E9EAB00798E14 /* Main.storyboard in Resources */,
			);
			runOnlyForDeploymentPostprocessing = 0;
		};
		83B84C1A233E9EAC00798E14 /* Resources */ = {
			isa = PBXResourcesBuildPhase;
			buildActionMask = 2147483647;
			files = (
			);
			runOnlyForDeploymentPostprocessing = 0;
		};
/* End PBXResourcesBuildPhase section */

/* Begin PBXSourcesBuildPhase section */
		83B84BFF233E9EAB00798E14 /* Sources */ = {
			isa = PBXSourcesBuildPhase;
			buildActionMask = 2147483647;
			files = (
				83B84C0B233E9EAB00798E14 /* NewsViewController.swift in Sources */,
				8386621F234E39530055ACC7 /* CustomBarView.swift in Sources */,
				833D24362366003800A3A4E3 /* Article.swift in Sources */,
				83B77C7C235CA8C300553D10 /* BasicUserDefaultsOperation.swift in Sources */,
				8352411B2359172A00BBD996 /* ProfileViewController.swift in Sources */,
				83B84C2E233F33B100798E14 /* LoggingViewController.swift in Sources */,
				83B77C86235CDEDA00553D10 /* CategorySelectionView.swift in Sources */,
				83B77C81235CDCFD00553D10 /* CategoryTableViewCell.swift in Sources */,
				83B77C77235C47B000553D10 /* saveProfiieToDefaultsOperation.swift in Sources */,
				839E36CF234D3E6A0078CD08 /* DetailedStoryViewController.swift in Sources */,
				8352411923590D7500BBD996 /* CustomRectButton.swift in Sources */,
				83B84C07233E9EAB00798E14 /* AppDelegate.swift in Sources */,
				8343729D23708B1300013C9F /* NetworkManager.swift in Sources */,
				833DC70123645F2A008C7B9E /* Category.swift in Sources */,
				8317EEA72350A8B500861359 /* IndependentPickerView.swift in Sources */,
				83B77C73235C22DC00553D10 /* Profile.swift in Sources */,
				833D24382366020400A3A4E3 /* NewsDownloadDataTask.swift in Sources */,
				83B77C7A235CA88B00553D10 /* saveNewsToUSerDefaultsOPeration.swift in Sources */,
				83B84C11233E9EAB00798E14 /* trackproj.xcdatamodeld in Sources */,
				83C235FC234BDF1100DAB954 /* NewsTableViewCell.swift in Sources */,
			);
			runOnlyForDeploymentPostprocessing = 0;
		};
		83B84C18233E9EAC00798E14 /* Sources */ = {
			isa = PBXSourcesBuildPhase;
			buildActionMask = 2147483647;
			files = (
				83B84C21233E9EAC00798E14 /* trackprojTests.swift in Sources */,
			);
			runOnlyForDeploymentPostprocessing = 0;
		};
/* End PBXSourcesBuildPhase section */

/* Begin PBXTargetDependency section */
		83B84C1E233E9EAC00798E14 /* PBXTargetDependency */ = {
			isa = PBXTargetDependency;
			target = 83B84C02233E9EAB00798E14 /* trackproj */;
			targetProxy = 83B84C1D233E9EAC00798E14 /* PBXContainerItemProxy */;
		};
/* End PBXTargetDependency section */

/* Begin PBXVariantGroup section */
		83B84C0C233E9EAB00798E14 /* Main.storyboard */ = {
			isa = PBXVariantGroup;
			children = (
				83B84C0D233E9EAB00798E14 /* Base */,
			);
			name = Main.storyboard;
			sourceTree = "<group>";
		};
		83B84C14233E9EAC00798E14 /* LaunchScreen.storyboard */ = {
			isa = PBXVariantGroup;
			children = (
				83B84C15233E9EAC00798E14 /* Base */,
			);
			name = LaunchScreen.storyboard;
			sourceTree = "<group>";
		};
/* End PBXVariantGroup section */

/* Begin XCBuildConfiguration section */
		83B84C23233E9EAC00798E14 /* Debug */ = {
			isa = XCBuildConfiguration;
			buildSettings = {
				ALWAYS_SEARCH_USER_PATHS = NO;
				CLANG_ANALYZER_NONNULL = YES;
				CLANG_ANALYZER_NUMBER_OBJECT_CONVERSION = YES_AGGRESSIVE;
				CLANG_CXX_LANGUAGE_STANDARD = "gnu++14";
				CLANG_CXX_LIBRARY = "libc++";
				CLANG_ENABLE_MODULES = YES;
				CLANG_ENABLE_OBJC_ARC = YES;
				CLANG_ENABLE_OBJC_WEAK = YES;
				CLANG_WARN_BLOCK_CAPTURE_AUTORELEASING = YES;
				CLANG_WARN_BOOL_CONVERSION = YES;
				CLANG_WARN_COMMA = YES;
				CLANG_WARN_CONSTANT_CONVERSION = YES;
				CLANG_WARN_DEPRECATED_OBJC_IMPLEMENTATIONS = YES;
				CLANG_WARN_DIRECT_OBJC_ISA_USAGE = YES_ERROR;
				CLANG_WARN_DOCUMENTATION_COMMENTS = YES;
				CLANG_WARN_EMPTY_BODY = YES;
				CLANG_WARN_ENUM_CONVERSION = YES;
				CLANG_WARN_INFINITE_RECURSION = YES;
				CLANG_WARN_INT_CONVERSION = YES;
				CLANG_WARN_NON_LITERAL_NULL_CONVERSION = YES;
				CLANG_WARN_OBJC_IMPLICIT_RETAIN_SELF = YES;
				CLANG_WARN_OBJC_LITERAL_CONVERSION = YES;
				CLANG_WARN_OBJC_ROOT_CLASS = YES_ERROR;
				CLANG_WARN_RANGE_LOOP_ANALYSIS = YES;
				CLANG_WARN_STRICT_PROTOTYPES = YES;
				CLANG_WARN_SUSPICIOUS_MOVE = YES;
				CLANG_WARN_UNGUARDED_AVAILABILITY = YES_AGGRESSIVE;
				CLANG_WARN_UNREACHABLE_CODE = YES;
				CLANG_WARN__DUPLICATE_METHOD_MATCH = YES;
				COPY_PHASE_STRIP = NO;
				DEBUG_INFORMATION_FORMAT = dwarf;
				ENABLE_STRICT_OBJC_MSGSEND = YES;
				ENABLE_TESTABILITY = YES;
				GCC_C_LANGUAGE_STANDARD = gnu11;
				GCC_DYNAMIC_NO_PIC = NO;
				GCC_NO_COMMON_BLOCKS = YES;
				GCC_OPTIMIZATION_LEVEL = 0;
				GCC_PREPROCESSOR_DEFINITIONS = (
					"DEBUG=1",
					"$(inherited)",
				);
				GCC_WARN_64_TO_32_BIT_CONVERSION = YES;
				GCC_WARN_ABOUT_RETURN_TYPE = YES_ERROR;
				GCC_WARN_UNDECLARED_SELECTOR = YES;
				GCC_WARN_UNINITIALIZED_AUTOS = YES_AGGRESSIVE;
				GCC_WARN_UNUSED_FUNCTION = YES;
				GCC_WARN_UNUSED_VARIABLE = YES;
				IPHONEOS_DEPLOYMENT_TARGET = 10.0;
				MTL_ENABLE_DEBUG_INFO = INCLUDE_SOURCE;
				MTL_FAST_MATH = YES;
				ONLY_ACTIVE_ARCH = YES;
				SDKROOT = iphoneos;
				SWIFT_ACTIVE_COMPILATION_CONDITIONS = DEBUG;
				SWIFT_OPTIMIZATION_LEVEL = "-Onone";
			};
			name = Debug;
		};
		83B84C24233E9EAC00798E14 /* Release */ = {
			isa = XCBuildConfiguration;
			buildSettings = {
				ALWAYS_SEARCH_USER_PATHS = NO;
				CLANG_ANALYZER_NONNULL = YES;
				CLANG_ANALYZER_NUMBER_OBJECT_CONVERSION = YES_AGGRESSIVE;
				CLANG_CXX_LANGUAGE_STANDARD = "gnu++14";
				CLANG_CXX_LIBRARY = "libc++";
				CLANG_ENABLE_MODULES = YES;
				CLANG_ENABLE_OBJC_ARC = YES;
				CLANG_ENABLE_OBJC_WEAK = YES;
				CLANG_WARN_BLOCK_CAPTURE_AUTORELEASING = YES;
				CLANG_WARN_BOOL_CONVERSION = YES;
				CLANG_WARN_COMMA = YES;
				CLANG_WARN_CONSTANT_CONVERSION = YES;
				CLANG_WARN_DEPRECATED_OBJC_IMPLEMENTATIONS = YES;
				CLANG_WARN_DIRECT_OBJC_ISA_USAGE = YES_ERROR;
				CLANG_WARN_DOCUMENTATION_COMMENTS = YES;
				CLANG_WARN_EMPTY_BODY = YES;
				CLANG_WARN_ENUM_CONVERSION = YES;
				CLANG_WARN_INFINITE_RECURSION = YES;
				CLANG_WARN_INT_CONVERSION = YES;
				CLANG_WARN_NON_LITERAL_NULL_CONVERSION = YES;
				CLANG_WARN_OBJC_IMPLICIT_RETAIN_SELF = YES;
				CLANG_WARN_OBJC_LITERAL_CONVERSION = YES;
				CLANG_WARN_OBJC_ROOT_CLASS = YES_ERROR;
				CLANG_WARN_RANGE_LOOP_ANALYSIS = YES;
				CLANG_WARN_STRICT_PROTOTYPES = YES;
				CLANG_WARN_SUSPICIOUS_MOVE = YES;
				CLANG_WARN_UNGUARDED_AVAILABILITY = YES_AGGRESSIVE;
				CLANG_WARN_UNREACHABLE_CODE = YES;
				CLANG_WARN__DUPLICATE_METHOD_MATCH = YES;
				COPY_PHASE_STRIP = NO;
				DEBUG_INFORMATION_FORMAT = "dwarf-with-dsym";
				ENABLE_NS_ASSERTIONS = NO;
				ENABLE_STRICT_OBJC_MSGSEND = YES;
				GCC_C_LANGUAGE_STANDARD = gnu11;
				GCC_NO_COMMON_BLOCKS = YES;
				GCC_WARN_64_TO_32_BIT_CONVERSION = YES;
				GCC_WARN_ABOUT_RETURN_TYPE = YES_ERROR;
				GCC_WARN_UNDECLARED_SELECTOR = YES;
				GCC_WARN_UNINITIALIZED_AUTOS = YES_AGGRESSIVE;
				GCC_WARN_UNUSED_FUNCTION = YES;
				GCC_WARN_UNUSED_VARIABLE = YES;
				IPHONEOS_DEPLOYMENT_TARGET = 10.0;
				MTL_ENABLE_DEBUG_INFO = NO;
				MTL_FAST_MATH = YES;
				SDKROOT = iphoneos;
				SWIFT_COMPILATION_MODE = wholemodule;
				SWIFT_OPTIMIZATION_LEVEL = "-O";
				VALIDATE_PRODUCT = YES;
			};
			name = Release;
		};
		83B84C26233E9EAC00798E14 /* Debug */ = {
			isa = XCBuildConfiguration;
			buildSettings = {
				ASSETCATALOG_COMPILER_APPICON_NAME = AppIcon;
				CODE_SIGN_IDENTITY = "Apple Development";
				CODE_SIGN_STYLE = Automatic;
				DEVELOPMENT_TEAM = 456GGU5J4Z;
				INFOPLIST_FILE = trackproj/Info.plist;
				IPHONEOS_DEPLOYMENT_TARGET = 10.3;
				LD_RUNPATH_SEARCH_PATHS = (
					"$(inherited)",
					"@executable_path/Frameworks",
				);
				PRODUCT_BUNDLE_IDENTIFIER = com.levinda.trackproj;
				PRODUCT_NAME = "$(TARGET_NAME)";
				PROVISIONING_PROFILE_SPECIFIER = "";
				SWIFT_VERSION = 5.0;
				TARGETED_DEVICE_FAMILY = "1,2";
			};
			name = Debug;
		};
		83B84C27233E9EAC00798E14 /* Release */ = {
			isa = XCBuildConfiguration;
			buildSettings = {
				ASSETCATALOG_COMPILER_APPICON_NAME = AppIcon;
				CODE_SIGN_IDENTITY = "Apple Development";
				CODE_SIGN_STYLE = Automatic;
				DEVELOPMENT_TEAM = 456GGU5J4Z;
				INFOPLIST_FILE = trackproj/Info.plist;
				IPHONEOS_DEPLOYMENT_TARGET = 10.3;
				LD_RUNPATH_SEARCH_PATHS = (
					"$(inherited)",
					"@executable_path/Frameworks",
				);
				PRODUCT_BUNDLE_IDENTIFIER = com.levinda.trackproj;
				PRODUCT_NAME = "$(TARGET_NAME)";
				PROVISIONING_PROFILE_SPECIFIER = "";
				SWIFT_VERSION = 5.0;
				TARGETED_DEVICE_FAMILY = "1,2";
			};
			name = Release;
		};
		83B84C29233E9EAC00798E14 /* Debug */ = {
			isa = XCBuildConfiguration;
			buildSettings = {
				ALWAYS_EMBED_SWIFT_STANDARD_LIBRARIES = YES;
				BUNDLE_LOADER = "$(TEST_HOST)";
				CODE_SIGN_STYLE = Automatic;
				DEVELOPMENT_TEAM = 456GGU5J4Z;
				INFOPLIST_FILE = trackprojTests/Info.plist;
				IPHONEOS_DEPLOYMENT_TARGET = 13.0;
				LD_RUNPATH_SEARCH_PATHS = (
					"$(inherited)",
					"@executable_path/Frameworks",
					"@loader_path/Frameworks",
				);
				PRODUCT_BUNDLE_IDENTIFIER = com.levinda.trackprojTests;
				PRODUCT_NAME = "$(TARGET_NAME)";
				SWIFT_VERSION = 5.0;
				TARGETED_DEVICE_FAMILY = "1,2";
				TEST_HOST = "$(BUILT_PRODUCTS_DIR)/trackproj.app/trackproj";
			};
			name = Debug;
		};
		83B84C2A233E9EAC00798E14 /* Release */ = {
			isa = XCBuildConfiguration;
			buildSettings = {
				ALWAYS_EMBED_SWIFT_STANDARD_LIBRARIES = YES;
				BUNDLE_LOADER = "$(TEST_HOST)";
				CODE_SIGN_STYLE = Automatic;
				DEVELOPMENT_TEAM = 456GGU5J4Z;
				INFOPLIST_FILE = trackprojTests/Info.plist;
				IPHONEOS_DEPLOYMENT_TARGET = 13.0;
				LD_RUNPATH_SEARCH_PATHS = (
					"$(inherited)",
					"@executable_path/Frameworks",
					"@loader_path/Frameworks",
				);
				PRODUCT_BUNDLE_IDENTIFIER = com.levinda.trackprojTests;
				PRODUCT_NAME = "$(TARGET_NAME)";
				SWIFT_VERSION = 5.0;
				TARGETED_DEVICE_FAMILY = "1,2";
				TEST_HOST = "$(BUILT_PRODUCTS_DIR)/trackproj.app/trackproj";
			};
			name = Release;
		};
/* End XCBuildConfiguration section */

/* Begin XCConfigurationList section */
		83B84BFE233E9EAB00798E14 /* Build configuration list for PBXProject "trackproj" */ = {
			isa = XCConfigurationList;
			buildConfigurations = (
				83B84C23233E9EAC00798E14 /* Debug */,
				83B84C24233E9EAC00798E14 /* Release */,
			);
			defaultConfigurationIsVisible = 0;
			defaultConfigurationName = Release;
		};
		83B84C25233E9EAC00798E14 /* Build configuration list for PBXNativeTarget "trackproj" */ = {
			isa = XCConfigurationList;
			buildConfigurations = (
				83B84C26233E9EAC00798E14 /* Debug */,
				83B84C27233E9EAC00798E14 /* Release */,
			);
			defaultConfigurationIsVisible = 0;
			defaultConfigurationName = Release;
		};
		83B84C28233E9EAC00798E14 /* Build configuration list for PBXNativeTarget "trackprojTests" */ = {
			isa = XCConfigurationList;
			buildConfigurations = (
				83B84C29233E9EAC00798E14 /* Debug */,
				83B84C2A233E9EAC00798E14 /* Release */,
			);
			defaultConfigurationIsVisible = 0;
			defaultConfigurationName = Release;
		};
/* End XCConfigurationList section */

/* Begin XCVersionGroup section */
		83B84C0F233E9EAB00798E14 /* trackproj.xcdatamodeld */ = {
			isa = XCVersionGroup;
			children = (
				83B84C10233E9EAB00798E14 /* trackproj.xcdatamodel */,
			);
			currentVersion = 83B84C10233E9EAB00798E14 /* trackproj.xcdatamodel */;
			path = trackproj.xcdatamodeld;
			sourceTree = "<group>";
			versionGroupType = wrapper.xcdatamodel;
		};
/* End XCVersionGroup section */
	};
	rootObject = 83B84BFB233E9EAB00798E14 /* Project object */;
}
